
Microsoft Visual Studio Solution File, Format Version 12.00
# Visual Studio Version 16
VisualStudioVersion = 16.0.29728.190
MinimumVisualStudioVersion = 10.0.40219.1
Project("{FAE04EC0-301F-11D3-BF4B-00C04F79EFBC}") = "ManyToManyLinqSample", "ManyToManyLinqSample.csproj", "{A13E9CE6-1A39-4999-9B45-B5801CB3DBEB}"
EndProject
Global
	GlobalSection(SolutionConfigurationPlatforms) = preSolution
		Debug|Any CPU = Debug|Any CPU
		Release|Any CPU = Release|Any CPU
	EndGlobalSection
	GlobalSection(ProjectConfigurationPlatforms) = postSolution
		{A13E9CE6-1A39-4999-9B45-B5801CB3DBEB}.Debug|Any CPU.ActiveCfg = Debug|Any CPU
		{A13E9CE6-1A39-4999-9B45-B5801CB3DBEB}.Debug|Any CPU.Build.0 = Debug|Any CPU
		{A13E9CE6-1A39-4999-9B45-B5801CB3DBEB}.Release|Any CPU.ActiveCfg = Release|Any CPU
		{A13E9CE6-1A39-4999-9B45-B5801CB3DBEB}.Release|Any CPU.Build.0 = Release|Any CPU
	EndGlobalSection
	GlobalSection(SolutionProperties) = preSolution
		HideSolutionNode = FALSE
	EndGlobalSection
	GlobalSection(ExtensibilityGlobals) = postSolution
		SolutionGuid = {2ED5DAB2-78AC-401A-90B5-B4CB5EC491B4}
	EndGlobalSection
EndGlobal
